proj_file_hash = "b8d9ec5a24aef35d80a5f3e96b70b984"

[[dependencies]]
name = "cairo-fix"
version = "0.1.7"
path = ".fixlang/deps/cairo-fix_0.1.7"

[dependencies.git]
repo = "https://github.com/tttmmmyyyy/fixlang-cairo.git"
rev = "1b1a6dee7f37f4e1e0bca026f0f513e7f6245587"

[[dependencies]]
name = "math"
version = "0.1.3"
path = ".fixlang/deps/math_0.1.3"

[dependencies.git]
repo = "https://github.com/tttmmmyyyy/fixlang-math.git"
rev = "ba88096dc2740c9e46542c449e2aef3b19cffe34"

[[dependencies]]
name = "time"
version = "0.2.5"
path = ".fixlang/deps/time_0.2.5"

[dependencies.git]
repo = "https://github.com/tttmmmyyyy/fixlang-time.git"
rev = "0344c52dc73d9ffe556387ed94077c0fab623296"

[[dependencies]]
name = "random"
version = "0.1.1"
path = ".fixlang/deps/random_0.1.1"

[dependencies.git]
repo = "https://github.com/tttmmmyyyy/fixlang-random.git"
rev = "b77979767813d7cabff93e36c7516a8f8f8e90de"

[[dependencies]]
name = "minilib-math"
version = "0.1.3"
path = ".fixlang/deps/minilib-math_0.1.3"

[dependencies.git]
repo = "https://github.com/pt9999/fixlang-minilib-math.git"
rev = "699972c26d12ad2dda7aafd6cf39dc88362b0622"

[[dependencies]]
name = "minilib-common"
version = "0.1.3"
path = ".fixlang/deps/minilib-common_0.1.3"

[dependencies.git]
repo = "https://github.com/pt9999/fixlang-minilib-common.git"
rev = "c009f38159d6e6785b66b2444889f9e044cdeb31"

[[dependencies]]
name = "character"
version = "0.1.1"
path = ".fixlang/deps/character_0.1.1"

[dependencies.git]
repo = "https://github.com/tttmmmyyyy/fixlang-character.git"
rev = "c72c2ca5c8052e21200633dea1fff53c945d8799"

[[dependencies]]
name = "minilib-binary"
version = "0.1.3"
path = ".fixlang/deps/minilib-binary_0.1.3"

[dependencies.git]
repo = "https://github.com/pt9999/fixlang-minilib-binary.git"
rev = "d3dca4ce12b2add1a8448f1f78ce93cd11433a0b"
