proj_file_hash = "b8d9ec5a24aef35d80a5f3e96b70b984"

[[dependencies]]
name = "cairo-fix"
version = "0.1.8"
path = ".fixlang/deps/cairo-fix_0.1.8"

[dependencies.git]
repo = "https://github.com/tttmmmyyyy/fixlang-cairo.git"
rev = "c0fa0fe40131861c83e7fb71503640df0165b6d5"

[[dependencies]]
name = "math"
version = "1.0.0"
path = ".fixlang/deps/math_1.0.0"

[dependencies.git]
repo = "https://github.com/tttmmmyyyy/fixlang-math.git"
rev = "6b1c3810d49d0291c2a800f783be38138cf4381d"

[[dependencies]]
name = "time"
version = "1.0.0"
path = ".fixlang/deps/time_1.0.0"

[dependencies.git]
repo = "https://github.com/tttmmmyyyy/fixlang-time.git"
rev = "0df92cf1c3ffc148d658c1a554c94105aef13520"

[[dependencies]]
name = "random"
version = "1.1.0"
path = ".fixlang/deps/random_1.1.0"

[dependencies.git]
repo = "https://github.com/tttmmmyyyy/fixlang-random.git"
rev = "41add2d293c7c712146c8e7a605501e4f483b8cd"

[[dependencies]]
name = "minilib-math"
version = "0.5.0"
path = ".fixlang/deps/minilib-math_0.5.0"

[dependencies.git]
repo = "https://github.com/pt9999/fixlang-minilib-math.git"
rev = "1b626eddc69b1a296a61eead9375aa02580277d4"

[[dependencies]]
name = "minilib-binary"
version = "0.5.0"
path = ".fixlang/deps/minilib-binary_0.5.0"

[dependencies.git]
repo = "https://github.com/pt9999/fixlang-minilib-binary.git"
rev = "69663901ea16ae38dbb79300d060c9328bcb5142"

[[dependencies]]
name = "minilib-common"
version = "0.5.1"
path = ".fixlang/deps/minilib-common_0.5.1"

[dependencies.git]
repo = "https://github.com/pt9999/fixlang-minilib-common.git"
rev = "bf6232ee8b374b2565810d7103b83f9a408d036d"

[[dependencies]]
name = "character"
version = "1.0.0"
path = ".fixlang/deps/character_1.0.0"

[dependencies.git]
repo = "https://github.com/tttmmmyyyy/fixlang-character.git"
rev = "13e128d2b87a729c4e73d986994a5cedcf3e8f49"

[[dependencies]]
name = "minilib-random"
version = "0.5.0"
path = ".fixlang/deps/minilib-random_0.5.0"

[dependencies.git]
repo = "https://github.com/pt9999/fixlang-minilib-random.git"
rev = "a5ea8df848adefa6257d835ec24618b7cd4436ff"

[[dependencies]]
name = "minilib-monad"
version = "0.5.0"
path = ".fixlang/deps/minilib-monad_0.5.0"

[dependencies.git]
repo = "https://github.com/pt9999/fixlang-minilib-monad.git"
rev = "014061616e64ea317795b5e48e274da8d172cd40"
